
Microsoft Visual Studio Solution File, Format Version 12.00
# Visual Studio 15
VisualStudioVersion = 15.0.28010.2016
MinimumVisualStudioVersion = 10.0.40219.1
Project("{FAE04EC0-301F-11D3-BF4B-00C04F79EFBC}") = "Soft17Demo", "Soft17Demo\Soft17Demo.csproj", "{C84A3876-B9C7-43F4-8283-EBDE1BCD6CB1}"
EndProject
Global
	GlobalSection(SolutionConfigurationPlatforms) = preSolution
		Debug|Any CPU = Debug|Any CPU
		Release|Any CPU = Release|Any CPU
	EndGlobalSection
	GlobalSection(ProjectConfigurationPlatforms) = postSolution
		{C84A3876-B9C7-43F4-8283-EBDE1BCD6CB1}.Debug|Any CPU.ActiveCfg = Debug|Any CPU
		{C84A3876-B9C7-43F4-8283-EBDE1BCD6CB1}.Debug|Any CPU.Build.0 = Debug|Any CPU
		{C84A3876-B9C7-43F4-8283-EBDE1BCD6CB1}.Release|Any CPU.ActiveCfg = Release|Any CPU
		{C84A3876-B9C7-43F4-8283-EBDE1BCD6CB1}.Release|Any CPU.Build.0 = Release|Any CPU
	EndGlobalSection
	GlobalSection(SolutionProperties) = preSolution
		HideSolutionNode = FALSE
	EndGlobalSection
	GlobalSection(ExtensibilityGlobals) = postSolution
		SolutionGuid = {A6EEE23E-6BC9-426E-92D0-FE90FFB60017}
	EndGlobalSection
EndGlobal
